
Microsoft Visual Studio Solution File, Format Version 12.00
# Visual Studio Version 16
VisualStudioVersion = 16.0.28803.156
MinimumVisualStudioVersion = 10.0.40219.1
Project("{FAE04EC0-301F-11D3-BF4B-00C04F79EFBC}") = "BoraTRAverageToCSV", "BoraTRAverageToCSV\BoraTRAverageToCSV.csproj", "{9049F64D-8BF1-4106-B389-930D27C582AF}"
EndProject
Global
	GlobalSection(SolutionConfigurationPlatforms) = preSolution
		Debug|Any CPU = Debug|Any CPU
		Release|Any CPU = Release|Any CPU
	EndGlobalSection
	GlobalSection(ProjectConfigurationPlatforms) = postSolution
		{9049F64D-8BF1-4106-B389-930D27C582AF}.Debug|Any CPU.ActiveCfg = Debug|Any CPU
		{9049F64D-8BF1-4106-B389-930D27C582AF}.Debug|Any CPU.Build.0 = Debug|Any CPU
		{9049F64D-8BF1-4106-B389-930D27C582AF}.Release|Any CPU.ActiveCfg = Release|Any CPU
		{9049F64D-8BF1-4106-B389-930D27C582AF}.Release|Any CPU.Build.0 = Release|Any CPU
	EndGlobalSection
	GlobalSection(SolutionProperties) = preSolution
		HideSolutionNode = FALSE
	EndGlobalSection
	GlobalSection(ExtensibilityGlobals) = postSolution
		SolutionGuid = {0B5E8523-446F-4842-A4AD-9CFCF11AFCD5}
	EndGlobalSection
EndGlobal
